
Microsoft Visual Studio Solution File, Format Version 12.00
# Visual Studio Version 17
VisualStudioVersion = 17.7.34024.191
MinimumVisualStudioVersion = 10.0.40219.1
Project("{888888A0-9F3D-457C-B088-3A5042F75D52}") = "Module8_Portfolio", "Module8_Portfolio.pyproj", "{BD7CCAE6-9E86-4F23-BE6F-25ACB11F344C}"
EndProject
Global
	GlobalSection(SolutionConfigurationPlatforms) = preSolution
		Debug|Any CPU = Debug|Any CPU
		Release|Any CPU = Release|Any CPU
	EndGlobalSection
	GlobalSection(ProjectConfigurationPlatforms) = postSolution
		{BD7CCAE6-9E86-4F23-BE6F-25ACB11F344C}.Debug|Any CPU.ActiveCfg = Debug|Any CPU
		{BD7CCAE6-9E86-4F23-BE6F-25ACB11F344C}.Release|Any CPU.ActiveCfg = Release|Any CPU
	EndGlobalSection
	GlobalSection(SolutionProperties) = preSolution
		HideSolutionNode = FALSE
	EndGlobalSection
	GlobalSection(ExtensibilityGlobals) = postSolution
		SolutionGuid = {06442A4B-10B6-48A4-B1FA-9E663EB0A849}
	EndGlobalSection
EndGlobal
